
Microsoft Visual Studio Solution File, Format Version 12.00
# Visual Studio 15
VisualStudioVersion = 15.0.26124.0
MinimumVisualStudioVersion = 15.0.26124.0
Project("{FAE04EC0-301F-11D3-BF4B-00C04F79EFBC}") = "Aetiel.Plugins", "Aetiel.Plugins\Aetiel.Plugins.csproj", "{6A8AFC5D-E705-4AFB-B751-2A45674E4B5A}"
EndProject
Project("{FAE04EC0-301F-11D3-BF4B-00C04F79EFBC}") = "Aetiel.Plugins.Tests", "Aetiel.Plugins.Tests\Aetiel.Plugins.Tests.csproj", "{8997E5A7-2DC5-42D5-AAC9-315C13672EE1}"
EndProject
Project("{FAE04EC0-301F-11D3-BF4B-00C04F79EFBC}") = "Aetiel.Plugins.Extractors.Csv", "Aetiel.Plugins.Extractors.Csv\Aetiel.Plugins.Extractors.Csv.csproj", "{DB27EF2F-C49B-49D9-9E78-8C5F2119497B}"
EndProject
Project("{FAE04EC0-301F-11D3-BF4B-00C04F79EFBC}") = "Aetiel.Plugins.Extractors.Csv.Tests", "Aetiel.Plugins.Extractors.Csv.Tests\Aetiel.Plugins.Extractors.Csv.Tests.csproj", "{B08404D5-AB24-4B66-824B-4FA4EFE64576}"
EndProject
Project("{FAE04EC0-301F-11D3-BF4B-00C04F79EFBC}") = "Aetiel.Plugins.Loaders.SimpleSqlLoader", "Aetiel.Plugins.Loaders.SimpleSqlLoader\Aetiel.Plugins.Loaders.SimpleSqlLoader.csproj", "{CAFCA7A5-F0CF-4B5A-B8BD-3D02134B92F7}"
EndProject
Project("{FAE04EC0-301F-11D3-BF4B-00C04F79EFBC}") = "Aetiel.Plugins.Loaders.SimpleSqlLoader.Tests", "Aetiel.Plugins.Loaders.SimpleSqlLoader.Tests\Aetiel.Plugins.Loaders.SimpleSqlLoader.Tests.csproj", "{5B75782E-A379-4069-9151-EA39653E7F9A}"
EndProject
Global
	GlobalSection(SolutionConfigurationPlatforms) = preSolution
		Debug|Any CPU = Debug|Any CPU
		Debug|x64 = Debug|x64
		Debug|x86 = Debug|x86
		Release|Any CPU = Release|Any CPU
		Release|x64 = Release|x64
		Release|x86 = Release|x86
	EndGlobalSection
	GlobalSection(SolutionProperties) = preSolution
		HideSolutionNode = FALSE
	EndGlobalSection
	GlobalSection(ProjectConfigurationPlatforms) = postSolution
		{6A8AFC5D-E705-4AFB-B751-2A45674E4B5A}.Debug|Any CPU.ActiveCfg = Debug|Any CPU
		{6A8AFC5D-E705-4AFB-B751-2A45674E4B5A}.Debug|Any CPU.Build.0 = Debug|Any CPU
		{6A8AFC5D-E705-4AFB-B751-2A45674E4B5A}.Debug|x64.ActiveCfg = Debug|x64
		{6A8AFC5D-E705-4AFB-B751-2A45674E4B5A}.Debug|x64.Build.0 = Debug|x64
		{6A8AFC5D-E705-4AFB-B751-2A45674E4B5A}.Debug|x86.ActiveCfg = Debug|x86
		{6A8AFC5D-E705-4AFB-B751-2A45674E4B5A}.Debug|x86.Build.0 = Debug|x86
		{6A8AFC5D-E705-4AFB-B751-2A45674E4B5A}.Release|Any CPU.ActiveCfg = Release|Any CPU
		{6A8AFC5D-E705-4AFB-B751-2A45674E4B5A}.Release|Any CPU.Build.0 = Release|Any CPU
		{6A8AFC5D-E705-4AFB-B751-2A45674E4B5A}.Release|x64.ActiveCfg = Release|x64
		{6A8AFC5D-E705-4AFB-B751-2A45674E4B5A}.Release|x64.Build.0 = Release|x64
		{6A8AFC5D-E705-4AFB-B751-2A45674E4B5A}.Release|x86.ActiveCfg = Release|x86
		{6A8AFC5D-E705-4AFB-B751-2A45674E4B5A}.Release|x86.Build.0 = Release|x86
		{BEAA2843-9EEB-4371-9E1F-9F64E4F01109}.Debug|Any CPU.ActiveCfg = Debug|Any CPU
		{BEAA2843-9EEB-4371-9E1F-9F64E4F01109}.Debug|Any CPU.Build.0 = Debug|Any CPU
		{BEAA2843-9EEB-4371-9E1F-9F64E4F01109}.Debug|x64.ActiveCfg = Debug|x64
		{BEAA2843-9EEB-4371-9E1F-9F64E4F01109}.Debug|x64.Build.0 = Debug|x64
		{BEAA2843-9EEB-4371-9E1F-9F64E4F01109}.Debug|x86.ActiveCfg = Debug|x86
		{BEAA2843-9EEB-4371-9E1F-9F64E4F01109}.Debug|x86.Build.0 = Debug|x86
		{BEAA2843-9EEB-4371-9E1F-9F64E4F01109}.Release|Any CPU.ActiveCfg = Release|Any CPU
		{BEAA2843-9EEB-4371-9E1F-9F64E4F01109}.Release|Any CPU.Build.0 = Release|Any CPU
		{BEAA2843-9EEB-4371-9E1F-9F64E4F01109}.Release|x64.ActiveCfg = Release|x64
		{BEAA2843-9EEB-4371-9E1F-9F64E4F01109}.Release|x64.Build.0 = Release|x64
		{BEAA2843-9EEB-4371-9E1F-9F64E4F01109}.Release|x86.ActiveCfg = Release|x86
		{BEAA2843-9EEB-4371-9E1F-9F64E4F01109}.Release|x86.Build.0 = Release|x86
		{8997E5A7-2DC5-42D5-AAC9-315C13672EE1}.Debug|Any CPU.ActiveCfg = Debug|Any CPU
		{8997E5A7-2DC5-42D5-AAC9-315C13672EE1}.Debug|Any CPU.Build.0 = Debug|Any CPU
		{8997E5A7-2DC5-42D5-AAC9-315C13672EE1}.Debug|x64.ActiveCfg = Debug|x64
		{8997E5A7-2DC5-42D5-AAC9-315C13672EE1}.Debug|x64.Build.0 = Debug|x64
		{8997E5A7-2DC5-42D5-AAC9-315C13672EE1}.Debug|x86.ActiveCfg = Debug|x86
		{8997E5A7-2DC5-42D5-AAC9-315C13672EE1}.Debug|x86.Build.0 = Debug|x86
		{8997E5A7-2DC5-42D5-AAC9-315C13672EE1}.Release|Any CPU.ActiveCfg = Release|Any CPU
		{8997E5A7-2DC5-42D5-AAC9-315C13672EE1}.Release|Any CPU.Build.0 = Release|Any CPU
		{8997E5A7-2DC5-42D5-AAC9-315C13672EE1}.Release|x64.ActiveCfg = Release|x64
		{8997E5A7-2DC5-42D5-AAC9-315C13672EE1}.Release|x64.Build.0 = Release|x64
		{8997E5A7-2DC5-42D5-AAC9-315C13672EE1}.Release|x86.ActiveCfg = Release|x86
		{8997E5A7-2DC5-42D5-AAC9-315C13672EE1}.Release|x86.Build.0 = Release|x86
		{DB27EF2F-C49B-49D9-9E78-8C5F2119497B}.Debug|Any CPU.ActiveCfg = Debug|Any CPU
		{DB27EF2F-C49B-49D9-9E78-8C5F2119497B}.Debug|Any CPU.Build.0 = Debug|Any CPU
		{DB27EF2F-C49B-49D9-9E78-8C5F2119497B}.Debug|x64.ActiveCfg = Debug|x64
		{DB27EF2F-C49B-49D9-9E78-8C5F2119497B}.Debug|x64.Build.0 = Debug|x64
		{DB27EF2F-C49B-49D9-9E78-8C5F2119497B}.Debug|x86.ActiveCfg = Debug|x86
		{DB27EF2F-C49B-49D9-9E78-8C5F2119497B}.Debug|x86.Build.0 = Debug|x86
		{DB27EF2F-C49B-49D9-9E78-8C5F2119497B}.Release|Any CPU.ActiveCfg = Release|Any CPU
		{DB27EF2F-C49B-49D9-9E78-8C5F2119497B}.Release|Any CPU.Build.0 = Release|Any CPU
		{DB27EF2F-C49B-49D9-9E78-8C5F2119497B}.Release|x64.ActiveCfg = Release|x64
		{DB27EF2F-C49B-49D9-9E78-8C5F2119497B}.Release|x64.Build.0 = Release|x64
		{DB27EF2F-C49B-49D9-9E78-8C5F2119497B}.Release|x86.ActiveCfg = Release|x86
		{DB27EF2F-C49B-49D9-9E78-8C5F2119497B}.Release|x86.Build.0 = Release|x86
		{B08404D5-AB24-4B66-824B-4FA4EFE64576}.Debug|Any CPU.ActiveCfg = Debug|Any CPU
		{B08404D5-AB24-4B66-824B-4FA4EFE64576}.Debug|Any CPU.Build.0 = Debug|Any CPU
		{B08404D5-AB24-4B66-824B-4FA4EFE64576}.Debug|x64.ActiveCfg = Debug|x64
		{B08404D5-AB24-4B66-824B-4FA4EFE64576}.Debug|x64.Build.0 = Debug|x64
		{B08404D5-AB24-4B66-824B-4FA4EFE64576}.Debug|x86.ActiveCfg = Debug|x86
		{B08404D5-AB24-4B66-824B-4FA4EFE64576}.Debug|x86.Build.0 = Debug|x86
		{B08404D5-AB24-4B66-824B-4FA4EFE64576}.Release|Any CPU.ActiveCfg = Release|Any CPU
		{B08404D5-AB24-4B66-824B-4FA4EFE64576}.Release|Any CPU.Build.0 = Release|Any CPU
		{B08404D5-AB24-4B66-824B-4FA4EFE64576}.Release|x64.ActiveCfg = Release|x64
		{B08404D5-AB24-4B66-824B-4FA4EFE64576}.Release|x64.Build.0 = Release|x64
		{B08404D5-AB24-4B66-824B-4FA4EFE64576}.Release|x86.ActiveCfg = Release|x86
		{B08404D5-AB24-4B66-824B-4FA4EFE64576}.Release|x86.Build.0 = Release|x86
		{CAFCA7A5-F0CF-4B5A-B8BD-3D02134B92F7}.Debug|Any CPU.ActiveCfg = Debug|Any CPU
		{CAFCA7A5-F0CF-4B5A-B8BD-3D02134B92F7}.Debug|Any CPU.Build.0 = Debug|Any CPU
		{CAFCA7A5-F0CF-4B5A-B8BD-3D02134B92F7}.Debug|x64.ActiveCfg = Debug|x64
		{CAFCA7A5-F0CF-4B5A-B8BD-3D02134B92F7}.Debug|x64.Build.0 = Debug|x64
		{CAFCA7A5-F0CF-4B5A-B8BD-3D02134B92F7}.Debug|x86.ActiveCfg = Debug|x86
		{CAFCA7A5-F0CF-4B5A-B8BD-3D02134B92F7}.Debug|x86.Build.0 = Debug|x86
		{CAFCA7A5-F0CF-4B5A-B8BD-3D02134B92F7}.Release|Any CPU.ActiveCfg = Release|Any CPU
		{CAFCA7A5-F0CF-4B5A-B8BD-3D02134B92F7}.Release|Any CPU.Build.0 = Release|Any CPU
		{CAFCA7A5-F0CF-4B5A-B8BD-3D02134B92F7}.Release|x64.ActiveCfg = Release|x64
		{CAFCA7A5-F0CF-4B5A-B8BD-3D02134B92F7}.Release|x64.Build.0 = Release|x64
		{CAFCA7A5-F0CF-4B5A-B8BD-3D02134B92F7}.Release|x86.ActiveCfg = Release|x86
		{CAFCA7A5-F0CF-4B5A-B8BD-3D02134B92F7}.Release|x86.Build.0 = Release|x86
		{5B75782E-A379-4069-9151-EA39653E7F9A}.Debug|Any CPU.ActiveCfg = Debug|Any CPU
		{5B75782E-A379-4069-9151-EA39653E7F9A}.Debug|Any CPU.Build.0 = Debug|Any CPU
		{5B75782E-A379-4069-9151-EA39653E7F9A}.Debug|x64.ActiveCfg = Debug|x64
		{5B75782E-A379-4069-9151-EA39653E7F9A}.Debug|x64.Build.0 = Debug|x64
		{5B75782E-A379-4069-9151-EA39653E7F9A}.Debug|x86.ActiveCfg = Debug|x86
		{5B75782E-A379-4069-9151-EA39653E7F9A}.Debug|x86.Build.0 = Debug|x86
		{5B75782E-A379-4069-9151-EA39653E7F9A}.Release|Any CPU.ActiveCfg = Release|Any CPU
		{5B75782E-A379-4069-9151-EA39653E7F9A}.Release|Any CPU.Build.0 = Release|Any CPU
		{5B75782E-A379-4069-9151-EA39653E7F9A}.Release|x64.ActiveCfg = Release|x64
		{5B75782E-A379-4069-9151-EA39653E7F9A}.Release|x64.Build.0 = Release|x64
		{5B75782E-A379-4069-9151-EA39653E7F9A}.Release|x86.ActiveCfg = Release|x86
		{5B75782E-A379-4069-9151-EA39653E7F9A}.Release|x86.Build.0 = Release|x86
	EndGlobalSection
EndGlobal
